# This file is automatically @generated by Poetry 1.7.1 and should not be changed by hand.

[[package]]
name = "alignments-cli"
version = "0.1.0"
description = ""
optional = false
python-versions = "^3.11"
files = []
develop = false

[package.source]
type = "directory"
url = "../../alignments-cli"

[metadata]
lock-version = "2.0"
python-versions = "^3.11"
content-hash = "4421cb1d0d8c60956ded07cfe62ca5d97748908cfc1dc6608bf703411eb04489"
